
Microsoft Visual Studio Solution File, Format Version 12.00
# Visual Studio Version 16
VisualStudioVersion = 16.0.29102.190
MinimumVisualStudioVersion = 10.0.40219.1
Project("{FAE04EC0-301F-11D3-BF4B-00C04F79EFBC}") = "Snake", "Snake.csproj", "{38E6161F-CF7B-4B23-9AE1-25BE48D9A712}"
EndProject
Global
	GlobalSection(SolutionConfigurationPlatforms) = preSolution
		Debug|Any CPU = Debug|Any CPU
		Release|Any CPU = Release|Any CPU
	EndGlobalSection
	GlobalSection(ProjectConfigurationPlatforms) = postSolution
		{38E6161F-CF7B-4B23-9AE1-25BE48D9A712}.Debug|Any CPU.ActiveCfg = Debug|Any CPU
		{38E6161F-CF7B-4B23-9AE1-25BE48D9A712}.Debug|Any CPU.Build.0 = Debug|Any CPU
		{38E6161F-CF7B-4B23-9AE1-25BE48D9A712}.Release|Any CPU.ActiveCfg = Release|Any CPU
		{38E6161F-CF7B-4B23-9AE1-25BE48D9A712}.Release|Any CPU.Build.0 = Release|Any CPU
	EndGlobalSection
	GlobalSection(SolutionProperties) = preSolution
		HideSolutionNode = FALSE
	EndGlobalSection
	GlobalSection(ExtensibilityGlobals) = postSolution
		SolutionGuid = {D4F74582-A433-405A-BC36-BAB0C6BF4981}
	EndGlobalSection
EndGlobal
